
Microsoft Visual Studio Solution File, Format Version 12.00
# Visual Studio Version 17
VisualStudioVersion = 17.3.32901.215
MinimumVisualStudioVersion = 10.0.40219.1
Project("{FAE04EC0-301F-11D3-BF4B-00C04F79EFBC}") = "Override", "Override.csproj", "{20DD168C-A207-4460-930E-1A89AB9A5DAE}"
EndProject
Global
	GlobalSection(SolutionConfigurationPlatforms) = preSolution
		Debug|Any CPU = Debug|Any CPU
		Release|Any CPU = Release|Any CPU
	EndGlobalSection
	GlobalSection(ProjectConfigurationPlatforms) = postSolution
		{20DD168C-A207-4460-930E-1A89AB9A5DAE}.Debug|Any CPU.ActiveCfg = Debug|Any CPU
		{20DD168C-A207-4460-930E-1A89AB9A5DAE}.Debug|Any CPU.Build.0 = Debug|Any CPU
		{20DD168C-A207-4460-930E-1A89AB9A5DAE}.Release|Any CPU.ActiveCfg = Release|Any CPU
		{20DD168C-A207-4460-930E-1A89AB9A5DAE}.Release|Any CPU.Build.0 = Release|Any CPU
	EndGlobalSection
	GlobalSection(SolutionProperties) = preSolution
		HideSolutionNode = FALSE
	EndGlobalSection
	GlobalSection(ExtensibilityGlobals) = postSolution
		SolutionGuid = {19CFF6BA-FF49-487A-8DFA-529FDB45B2B9}
	EndGlobalSection
EndGlobal
